
Microsoft Visual Studio Solution File, Format Version 12.00
# Visual Studio Version 16
VisualStudioVersion = 16.0.29609.76
MinimumVisualStudioVersion = 10.0.40219.1
Project("{FAE04EC0-301F-11D3-BF4B-00C04F79EFBC}") = "WeatherTest.DataContext", "WeatherTest.DataContext\WeatherTest.DataContext.csproj", "{411218DB-7071-41A6-95FF-29BE343C40DF}"
EndProject
Global
	GlobalSection(SolutionConfigurationPlatforms) = preSolution
		Debug|Any CPU = Debug|Any CPU
		Release|Any CPU = Release|Any CPU
	EndGlobalSection
	GlobalSection(ProjectConfigurationPlatforms) = postSolution
		{411218DB-7071-41A6-95FF-29BE343C40DF}.Debug|Any CPU.ActiveCfg = Debug|Any CPU
		{411218DB-7071-41A6-95FF-29BE343C40DF}.Debug|Any CPU.Build.0 = Debug|Any CPU
		{411218DB-7071-41A6-95FF-29BE343C40DF}.Release|Any CPU.ActiveCfg = Release|Any CPU
		{411218DB-7071-41A6-95FF-29BE343C40DF}.Release|Any CPU.Build.0 = Release|Any CPU
	EndGlobalSection
	GlobalSection(SolutionProperties) = preSolution
		HideSolutionNode = FALSE
	EndGlobalSection
	GlobalSection(ExtensibilityGlobals) = postSolution
		SolutionGuid = {728EA6B0-7F79-48CB-9548-4A1511049DBC}
	EndGlobalSection
EndGlobal
